// !$*UTF8*$!
{
	archiveVersion = 1;
	classes = {
	};
	objectVersion = 46;
	objects = {

/* Begin PBXBuildFile section */
		CAB0639B1DA6FBDF00480C37 /* Location.swift in Sources */ = {isa = PBXBuildFile; fileRef = CAB0639A1DA6FBDF00480C37 /* Location.swift */; };
		CACD49E11DA60DD10016C855 /* MapViewController.swift in Sources */ = {isa = PBXBuildFile; fileRef = CACD49E01DA60DD10016C855 /* MapViewController.swift */; };
		CACD49E31DA60F4D0016C855 /* RestaurantAnnotation.swift in Sources */ = {isa = PBXBuildFile; fileRef = CACD49E21DA60F4D0016C855 /* RestaurantAnnotation.swift */; };
		CACD49E51DA614D50016C855 /* RestaurantsStore.swift in Sources */ = {isa = PBXBuildFile; fileRef = CACD49E41DA614D50016C855 /* RestaurantsStore.swift */; };
		CACD49E91DA697D40016C855 /* LUNWebViewController.m in Sources */ = {isa = PBXBuildFile; fileRef = CACD49E81DA697D40016C855 /* LUNWebViewController.m */; };
		CAD004361DA5783500DF02FA /* AppDelegate.swift in Sources */ = {isa = PBXBuildFile; fileRef = CAD004351DA5783500DF02FA /* AppDelegate.swift */; };
		CAD004381DA5783500DF02FA /* ViewController.swift in Sources */ = {isa = PBXBuildFile; fileRef = CAD004371DA5783500DF02FA /* ViewController.swift */; };
		CAD0043B1DA5783500DF02FA /* Main.storyboard in Resources */ = {isa = PBXBuildFile; fileRef = CAD004391DA5783500DF02FA /* Main.storyboard */; };
		CAD0043D1DA5783500DF02FA /* Assets.xcassets in Resources */ = {isa = PBXBuildFile; fileRef = CAD0043C1DA5783500DF02FA /* Assets.xcassets */; };
		CAD004401DA5783500DF02FA /* LaunchScreen.storyboard in Resources */ = {isa = PBXBuildFile; fileRef = CAD0043E1DA5783500DF02FA /* LaunchScreen.storyboard */; };
		CAD004641DA5784700DF02FA /* Restaurant.swift in Sources */ = {isa = PBXBuildFile; fileRef = CAD004631DA5784700DF02FA /* Restaurant.swift */; };
		CAD0046D1DA57B9900DF02FA /* Contact.swift in Sources */ = {isa = PBXBuildFile; fileRef = CAD004691DA579D400DF02FA /* Contact.swift */; };
		CAD0046F1DA59D1C00DF02FA /* RestaurantsViewController.swift in Sources */ = {isa = PBXBuildFile; fileRef = CAD0046E1DA59D1C00DF02FA /* RestaurantsViewController.swift */; };
		CAD004711DA59FB700DF02FA /* RestaurantCell.swift in Sources */ = {isa = PBXBuildFile; fileRef = CAD004701DA59FB700DF02FA /* RestaurantCell.swift */; };
		CAD004741DA5A6E300DF02FA /* MapKit.framework in Frameworks */ = {isa = PBXBuildFile; fileRef = CAD004731DA5A6E300DF02FA /* MapKit.framework */; };
		CAD004761DA5F92300DF02FA /* RestaurantDetailViewController.swift in Sources */ = {isa = PBXBuildFile; fileRef = CAD004751DA5F92300DF02FA /* RestaurantDetailViewController.swift */; };
/* End PBXBuildFile section */

/* Begin PBXFileReference section */
		CAB0639A1DA6FBDF00480C37 /* Location.swift */ = {isa = PBXFileReference; fileEncoding = 4; lastKnownFileType = sourcecode.swift; path = Location.swift; sourceTree = "<group>"; };
		CACD49E01DA60DD10016C855 /* MapViewController.swift */ = {isa = PBXFileReference; fileEncoding = 4; lastKnownFileType = sourcecode.swift; path = MapViewController.swift; sourceTree = "<group>"; };
		CACD49E21DA60F4D0016C855 /* RestaurantAnnotation.swift */ = {isa = PBXFileReference; fileEncoding = 4; lastKnownFileType = sourcecode.swift; path = RestaurantAnnotation.swift; sourceTree = "<group>"; };
		CACD49E41DA614D50016C855 /* RestaurantsStore.swift */ = {isa = PBXFileReference; fileEncoding = 4; lastKnownFileType = sourcecode.swift; path = RestaurantsStore.swift; sourceTree = "<group>"; };
		CACD49E61DA697D30016C855 /* lunch-Bridging-Header.h */ = {isa = PBXFileReference; lastKnownFileType = sourcecode.c.h; path = "lunch-Bridging-Header.h"; sourceTree = "<group>"; };
		CACD49E71DA697D40016C855 /* LUNWebViewController.h */ = {isa = PBXFileReference; fileEncoding = 4; lastKnownFileType = sourcecode.c.h; path = LUNWebViewController.h; sourceTree = "<group>"; };
		CACD49E81DA697D40016C855 /* LUNWebViewController.m */ = {isa = PBXFileReference; fileEncoding = 4; lastKnownFileType = sourcecode.c.objc; path = LUNWebViewController.m; sourceTree = "<group>"; };
		CAD004321DA5783500DF02FA /* lunch.app */ = {isa = PBXFileReference; explicitFileType = wrapper.application; includeInIndex = 0; path = lunch.app; sourceTree = BUILT_PRODUCTS_DIR; };
		CAD004351DA5783500DF02FA /* AppDelegate.swift */ = {isa = PBXFileReference; lastKnownFileType = sourcecode.swift; path = AppDelegate.swift; sourceTree = "<group>"; };
		CAD004371DA5783500DF02FA /* ViewController.swift */ = {isa = PBXFileReference; lastKnownFileType = sourcecode.swift; path = ViewController.swift; sourceTree = "<group>"; };
		CAD0043A1DA5783500DF02FA /* Base */ = {isa = PBXFileReference; lastKnownFileType = file.storyboard; name = Base; path = Base.lproj/Main.storyboard; sourceTree = "<group>"; };
		CAD0043C1DA5783500DF02FA /* Assets.xcassets */ = {isa = PBXFileReference; lastKnownFileType = folder.assetcatalog; path = Assets.xcassets; sourceTree = "<group>"; };
		CAD0043F1DA5783500DF02FA /* Base */ = {isa = PBXFileReference; lastKnownFileType = file.storyboard; name = Base; path = Base.lproj/LaunchScreen.storyboard; sourceTree = "<group>"; };
		CAD004411DA5783500DF02FA /* Info.plist */ = {isa = PBXFileReference; lastKnownFileType = text.plist.xml; path = Info.plist; sourceTree = "<group>"; };
		CAD004631DA5784700DF02FA /* Restaurant.swift */ = {isa = PBXFileReference; fileEncoding = 4; lastKnownFileType = sourcecode.swift; path = Restaurant.swift; sourceTree = "<group>"; };
		CAD004691DA579D400DF02FA /* Contact.swift */ = {isa = PBXFileReference; fileEncoding = 4; lastKnownFileType = sourcecode.swift; name = Contact.swift; path = lunch/Contact.swift; sourceTree = SOURCE_ROOT; };
		CAD0046E1DA59D1C00DF02FA /* RestaurantsViewController.swift */ = {isa = PBXFileReference; fileEncoding = 4; lastKnownFileType = sourcecode.swift; path = RestaurantsViewController.swift; sourceTree = "<group>"; };
		CAD004701DA59FB700DF02FA /* RestaurantCell.swift */ = {isa = PBXFileReference; fileEncoding = 4; lastKnownFileType = sourcecode.swift; path = RestaurantCell.swift; sourceTree = "<group>"; };
		CAD004731DA5A6E300DF02FA /* MapKit.framework */ = {isa = PBXFileReference; lastKnownFileType = wrapper.framework; name = MapKit.framework; path = System/Library/Frameworks/MapKit.framework; sourceTree = SDKROOT; };
		CAD004751DA5F92300DF02FA /* RestaurantDetailViewController.swift */ = {isa = PBXFileReference; fileEncoding = 4; lastKnownFileType = sourcecode.swift; path = RestaurantDetailViewController.swift; sourceTree = "<group>"; };
/* End PBXFileReference section */

/* Begin PBXFrameworksBuildPhase section */
		CAD0042F1DA5783500DF02FA /* Frameworks */ = {
			isa = PBXFrameworksBuildPhase;
			buildActionMask = 2147483647;
			files = (
				CAD004741DA5A6E300DF02FA /* MapKit.framework in Frameworks */,
			);
			runOnlyForDeploymentPostprocessing = 0;
		};
/* End PBXFrameworksBuildPhase section */

/* Begin PBXGroup section */
		CAD004291DA5783500DF02FA = {
			isa = PBXGroup;
			children = (
				CAD004341DA5783500DF02FA /* lunch */,
				CAD004331DA5783500DF02FA /* Products */,
				CAD004721DA5A6E300DF02FA /* Frameworks */,
			);
			sourceTree = "<group>";
		};
		CAD004331DA5783500DF02FA /* Products */ = {
			isa = PBXGroup;
			children = (
				CAD004321DA5783500DF02FA /* lunch.app */,
			);
			name = Products;
			sourceTree = "<group>";
		};
		CAD004341DA5783500DF02FA /* lunch */ = {
			isa = PBXGroup;
			children = (
				CAB0639A1DA6FBDF00480C37 /* Location.swift */,
				CAD004631DA5784700DF02FA /* Restaurant.swift */,
				CAD004701DA59FB700DF02FA /* RestaurantCell.swift */,
				CAD004691DA579D400DF02FA /* Contact.swift */,
				CAD004351DA5783500DF02FA /* AppDelegate.swift */,
				CAD004371DA5783500DF02FA /* ViewController.swift */,
				CACD49E71DA697D40016C855 /* LUNWebViewController.h */,
				CACD49E81DA697D40016C855 /* LUNWebViewController.m */,
				CAD004391DA5783500DF02FA /* Main.storyboard */,
				CACD49E41DA614D50016C855 /* RestaurantsStore.swift */,
				CAD0046E1DA59D1C00DF02FA /* RestaurantsViewController.swift */,
				CAD004751DA5F92300DF02FA /* RestaurantDetailViewController.swift */,
				CACD49E01DA60DD10016C855 /* MapViewController.swift */,
				CACD49E21DA60F4D0016C855 /* RestaurantAnnotation.swift */,
				CAD0043C1DA5783500DF02FA /* Assets.xcassets */,
				CAD0043E1DA5783500DF02FA /* LaunchScreen.storyboard */,
				CAD004411DA5783500DF02FA /* Info.plist */,
				CACD49E61DA697D30016C855 /* lunch-Bridging-Header.h */,
			);
			path = lunch;
			sourceTree = "<group>";
		};
		CAD004721DA5A6E300DF02FA /* Frameworks */ = {
			isa = PBXGroup;
			children = (
				CAD004731DA5A6E300DF02FA /* MapKit.framework */,
			);
			name = Frameworks;
			sourceTree = "<group>";
		};
/* End PBXGroup section */

/* Begin PBXNativeTarget section */
		CAD004311DA5783500DF02FA /* lunch */ = {
			isa = PBXNativeTarget;
			buildConfigurationList = CAD0045A1DA5783500DF02FA /* Build configuration list for PBXNativeTarget "lunch" */;
			buildPhases = (
				CAD0042E1DA5783500DF02FA /* Sources */,
				CAD0042F1DA5783500DF02FA /* Frameworks */,
				CAD004301DA5783500DF02FA /* Resources */,
			);
			buildRules = (
			);
			dependencies = (
			);
			name = lunch;
			productName = lunch;
			productReference = CAD004321DA5783500DF02FA /* lunch.app */;
			productType = "com.apple.product-type.application";
		};
/* End PBXNativeTarget section */

/* Begin PBXProject section */
		CAD0042A1DA5783500DF02FA /* Project object */ = {
			isa = PBXProject;
			attributes = {
				LastSwiftUpdateCheck = 0800;
				LastUpgradeCheck = 0800;
				ORGANIZATIONNAME = "Danielle Voss";
				TargetAttributes = {
					CAD004311DA5783500DF02FA = {
						CreatedOnToolsVersion = 8.0;
						DevelopmentTeam = M6AC9K9736;
						LastSwiftMigration = 0800;
						ProvisioningStyle = Automatic;
					};
				};
			};
			buildConfigurationList = CAD0042D1DA5783500DF02FA /* Build configuration list for PBXProject "lunch" */;
			compatibilityVersion = "Xcode 3.2";
			developmentRegion = English;
			hasScannedForEncodings = 0;
			knownRegions = (
				en,
				Base,
			);
			mainGroup = CAD004291DA5783500DF02FA;
			productRefGroup = CAD004331DA5783500DF02FA /* Products */;
			projectDirPath = "";
			projectRoot = "";
			targets = (
				CAD004311DA5783500DF02FA /* lunch */,
			);
		};
/* End PBXProject section */

/* Begin PBXResourcesBuildPhase section */
		CAD004301DA5783500DF02FA /* Resources */ = {
			isa = PBXResourcesBuildPhase;
			buildActionMask = 2147483647;
			files = (
				CAD004401DA5783500DF02FA /* LaunchScreen.storyboard in Resources */,
				CAD0043D1DA5783500DF02FA /* Assets.xcassets in Resources */,
				CAD0043B1DA5783500DF02FA /* Main.storyboard in Resources */,
			);
			runOnlyForDeploymentPostprocessing = 0;
		};
/* End PBXResourcesBuildPhase section */

/* Begin PBXSourcesBuildPhase section */
		CAD0042E1DA5783500DF02FA /* Sources */ = {
			isa = PBXSourcesBuildPhase;
			buildActionMask = 2147483647;
			files = (
				CACD49E91DA697D40016C855 /* LUNWebViewController.m in Sources */,
				CAD0046F1DA59D1C00DF02FA /* RestaurantsViewController.swift in Sources */,
				CAD004381DA5783500DF02FA /* ViewController.swift in Sources */,
				CAD0046D1DA57B9900DF02FA /* Contact.swift in Sources */,
				CACD49E11DA60DD10016C855 /* MapViewController.swift in Sources */,
				CACD49E31DA60F4D0016C855 /* RestaurantAnnotation.swift in Sources */,
				CAD004361DA5783500DF02FA /* AppDelegate.swift in Sources */,
				CACD49E51DA614D50016C855 /* RestaurantsStore.swift in Sources */,
				CAD004641DA5784700DF02FA /* Restaurant.swift in Sources */,
				CAD004761DA5F92300DF02FA /* RestaurantDetailViewController.swift in Sources */,
				CAB0639B1DA6FBDF00480C37 /* Location.swift in Sources */,
				CAD004711DA59FB700DF02FA /* RestaurantCell.swift in Sources */,
			);
			runOnlyForDeploymentPostprocessing = 0;
		};
/* End PBXSourcesBuildPhase section */

/* Begin PBXVariantGroup section */
		CAD004391DA5783500DF02FA /* Main.storyboard */ = {
			isa = PBXVariantGroup;
			children = (
				CAD0043A1DA5783500DF02FA /* Base */,
			);
			name = Main.storyboard;
			sourceTree = "<group>";
		};
		CAD0043E1DA5783500DF02FA /* LaunchScreen.storyboard */ = {
			isa = PBXVariantGroup;
			children = (
				CAD0043F1DA5783500DF02FA /* Base */,
			);
			name = LaunchScreen.storyboard;
			sourceTree = "<group>";
		};
/* End PBXVariantGroup section */

/* Begin XCBuildConfiguration section */
		CAD004581DA5783500DF02FA /* Debug */ = {
			isa = XCBuildConfiguration;
			buildSettings = {
				ALWAYS_SEARCH_USER_PATHS = NO;
				CLANG_ANALYZER_NONNULL = YES;
				CLANG_CXX_LANGUAGE_STANDARD = "gnu++0x";
				CLANG_CXX_LIBRARY = "libc++";
				CLANG_ENABLE_MODULES = YES;
				CLANG_ENABLE_OBJC_ARC = YES;
				CLANG_WARN_BOOL_CONVERSION = YES;
				CLANG_WARN_CONSTANT_CONVERSION = YES;
				CLANG_WARN_DIRECT_OBJC_ISA_USAGE = YES_ERROR;
				CLANG_WARN_DOCUMENTATION_COMMENTS = YES;
				CLANG_WARN_EMPTY_BODY = YES;
				CLANG_WARN_ENUM_CONVERSION = YES;
				CLANG_WARN_INFINITE_RECURSION = YES;
				CLANG_WARN_INT_CONVERSION = YES;
				CLANG_WARN_OBJC_ROOT_CLASS = YES_ERROR;
				CLANG_WARN_SUSPICIOUS_MOVES = YES;
				CLANG_WARN_UNREACHABLE_CODE = YES;
				CLANG_WARN__DUPLICATE_METHOD_MATCH = YES;
				"CODE_SIGN_IDENTITY[sdk=iphoneos*]" = "iPhone Developer";
				COPY_PHASE_STRIP = NO;
				DEBUG_INFORMATION_FORMAT = dwarf;
				ENABLE_STRICT_OBJC_MSGSEND = YES;
				ENABLE_TESTABILITY = YES;
				GCC_C_LANGUAGE_STANDARD = gnu99;
				GCC_DYNAMIC_NO_PIC = NO;
				GCC_NO_COMMON_BLOCKS = YES;
				GCC_OPTIMIZATION_LEVEL = 0;
				GCC_PREPROCESSOR_DEFINITIONS = (
					"DEBUG=1",
					"$(inherited)",
				);
				GCC_WARN_64_TO_32_BIT_CONVERSION = YES;
				GCC_WARN_ABOUT_RETURN_TYPE = YES_ERROR;
				GCC_WARN_UNDECLARED_SELECTOR = YES;
				GCC_WARN_UNINITIALIZED_AUTOS = YES_AGGRESSIVE;
				GCC_WARN_UNUSED_FUNCTION = YES;
				GCC_WARN_UNUSED_VARIABLE = YES;
				IPHONEOS_DEPLOYMENT_TARGET = 10.0;
				MTL_ENABLE_DEBUG_INFO = YES;
				ONLY_ACTIVE_ARCH = YES;
				SDKROOT = iphoneos;
				SWIFT_ACTIVE_COMPILATION_CONDITIONS = DEBUG;
				SWIFT_OPTIMIZATION_LEVEL = "-Onone";
				TARGETED_DEVICE_FAMILY = "1,2";
			};
			name = Debug;
		};
		CAD004591DA5783500DF02FA /* Release */ = {
			isa = XCBuildConfiguration;
			buildSettings = {
				ALWAYS_SEARCH_USER_PATHS = NO;
				CLANG_ANALYZER_NONNULL = YES;
				CLANG_CXX_LANGUAGE_STANDARD = "gnu++0x";
				CLANG_CXX_LIBRARY = "libc++";
				CLANG_ENABLE_MODULES = YES;
				CLANG_ENABLE_OBJC_ARC = YES;
				CLANG_WARN_BOOL_CONVERSION = YES;
				CLANG_WARN_CONSTANT_CONVERSION = YES;
				CLANG_WARN_DIRECT_OBJC_ISA_USAGE = YES_ERROR;
				CLANG_WARN_DOCUMENTATION_COMMENTS = YES;
				CLANG_WARN_EMPTY_BODY = YES;
				CLANG_WARN_ENUM_CONVERSION = YES;
				CLANG_WARN_INFINITE_RECURSION = YES;
				CLANG_WARN_INT_CONVERSION = YES;
				CLANG_WARN_OBJC_ROOT_CLASS = YES_ERROR;
				CLANG_WARN_SUSPICIOUS_MOVES = YES;
				CLANG_WARN_UNREACHABLE_CODE = YES;
				CLANG_WARN__DUPLICATE_METHOD_MATCH = YES;
				"CODE_SIGN_IDENTITY[sdk=iphoneos*]" = "iPhone Developer";
				COPY_PHASE_STRIP = NO;
				DEBUG_INFORMATION_FORMAT = "dwarf-with-dsym";
				ENABLE_NS_ASSERTIONS = NO;
				ENABLE_STRICT_OBJC_MSGSEND = YES;
				GCC_C_LANGUAGE_STANDARD = gnu99;
				GCC_NO_COMMON_BLOCKS = YES;
				GCC_WARN_64_TO_32_BIT_CONVERSION = YES;
				GCC_WARN_ABOUT_RETURN_TYPE = YES_ERROR;
				GCC_WARN_UNDECLARED_SELECTOR = YES;
				GCC_WARN_UNINITIALIZED_AUTOS = YES_AGGRESSIVE;
				GCC_WARN_UNUSED_FUNCTION = YES;
				GCC_WARN_UNUSED_VARIABLE = YES;
				IPHONEOS_DEPLOYMENT_TARGET = 10.0;
				MTL_ENABLE_DEBUG_INFO = NO;
				SDKROOT = iphoneos;
				SWIFT_OPTIMIZATION_LEVEL = "-Owholemodule";
				TARGETED_DEVICE_FAMILY = "1,2";
				VALIDATE_PRODUCT = YES;
			};
			name = Release;
		};
		CAD0045B1DA5783500DF02FA /* Debug */ = {
			isa = XCBuildConfiguration;
			buildSettings = {
				ASSETCATALOG_COMPILER_APPICON_NAME = AppIcon;
				CLANG_ENABLE_MODULES = YES;
				DEVELOPMENT_TEAM = M6AC9K9736;
				INFOPLIST_FILE = lunch/Info.plist;
				LD_RUNPATH_SEARCH_PATHS = "$(inherited) @executable_path/Frameworks";
				PRODUCT_BUNDLE_IDENTIFIER = com.theotherswiftgirl.lunch;
				PRODUCT_NAME = "$(TARGET_NAME)";
				SWIFT_OBJC_BRIDGING_HEADER = "lunch/lunch-Bridging-Header.h";
				SWIFT_OPTIMIZATION_LEVEL = "-Onone";
				SWIFT_VERSION = 3.0;
			};
			name = Debug;
		};
		CAD0045C1DA5783500DF02FA /* Release */ = {
			isa = XCBuildConfiguration;
			buildSettings = {
				ASSETCATALOG_COMPILER_APPICON_NAME = AppIcon;
				CLANG_ENABLE_MODULES = YES;
				DEVELOPMENT_TEAM = M6AC9K9736;
				INFOPLIST_FILE = lunch/Info.plist;
				LD_RUNPATH_SEARCH_PATHS = "$(inherited) @executable_path/Frameworks";
				PRODUCT_BUNDLE_IDENTIFIER = com.theotherswiftgirl.lunch;
				PRODUCT_NAME = "$(TARGET_NAME)";
				SWIFT_OBJC_BRIDGING_HEADER = "lunch/lunch-Bridging-Header.h";
				SWIFT_VERSION = 3.0;
			};
			name = Release;
		};
/* End XCBuildConfiguration section */

/* Begin XCConfigurationList section */
		CAD0042D1DA5783500DF02FA /* Build configuration list for PBXProject "lunch" */ = {
			isa = XCConfigurationList;
			buildConfigurations = (
				CAD004581DA5783500DF02FA /* Debug */,
				CAD004591DA5783500DF02FA /* Release */,
			);
			defaultConfigurationIsVisible = 0;
			defaultConfigurationName = Release;
		};
		CAD0045A1DA5783500DF02FA /* Build configuration list for PBXNativeTarget "lunch" */ = {
			isa = XCConfigurationList;
			buildConfigurations = (
				CAD0045B1DA5783500DF02FA /* Debug */,
				CAD0045C1DA5783500DF02FA /* Release */,
			);
			defaultConfigurationIsVisible = 0;
			defaultConfigurationName = Release;
		};
/* End XCConfigurationList section */
	};
	rootObject = CAD0042A1DA5783500DF02FA /* Project object */;
}
